
Microsoft Visual Studio Solution File, Format Version 12.00
# Visual Studio Version 16
VisualStudioVersion = 16.0.30104.148
MinimumVisualStudioVersion = 10.0.40219.1
Project("{9A19103F-16F7-4668-BE54-9A1E7A4F7556}") = "Registry.Web", "Registry.Web\Registry.Web.csproj", "{A56A6F28-F08A-4ED9-B3AD-B35D690DB70E}"
EndProject
Project("{9A19103F-16F7-4668-BE54-9A1E7A4F7556}") = "Registry.Common", "Registry.Common\Registry.Common.csproj", "{53764E1A-03F0-4E91-9BFD-233C43B518EE}"
EndProject
Project("{9A19103F-16F7-4668-BE54-9A1E7A4F7556}") = "Registry.Ports", "Registry.Ports\Registry.Ports.csproj", "{B3B0F48F-3CDF-4F98-AEBF-305B3498D6B2}"
EndProject
Project("{9A19103F-16F7-4668-BE54-9A1E7A4F7556}") = "Registry.Adapters", "Registry.Adapters\Registry.Adapters.csproj", "{A3F5BE78-B6FD-412D-B2EA-3344EE887317}"
EndProject
Project("{9A19103F-16F7-4668-BE54-9A1E7A4F7556}") = "Registry.Adapters.Test", "Registry.Adapters.Test\Registry.Adapters.Test.csproj", "{20CB6C88-2802-47DA-94E0-AB0A556B2426}"
EndProject
Project("{9A19103F-16F7-4668-BE54-9A1E7A4F7556}") = "Registry.Web.Data", "Registry.Web.Data\Registry.Web.Data.csproj", "{184F2162-DEAB-46A9-8865-7914FAFB669F}"
EndProject
Project("{9A19103F-16F7-4668-BE54-9A1E7A4F7556}") = "Registry.Web.Test", "Registry.Web.Test\Registry.Web.Test.csproj", "{50248260-DA34-47A1-8AF3-922D2981C010}"
EndProject
Project("{FAE04EC0-301F-11D3-BF4B-00C04F79EFBC}") = "Registry.Adapters.DroneDB", "Registry.Adapters.DroneDB\Registry.Adapters.DroneDB.csproj", "{01CB680D-8778-4C7C-AED2-AC9A4905A32B}"
EndProject
Global
	GlobalSection(SolutionConfigurationPlatforms) = preSolution
		Debug|Any CPU = Debug|Any CPU
		Release|Any CPU = Release|Any CPU
	EndGlobalSection
	GlobalSection(ProjectConfigurationPlatforms) = postSolution
		{A56A6F28-F08A-4ED9-B3AD-B35D690DB70E}.Debug|Any CPU.ActiveCfg = Debug|Any CPU
		{A56A6F28-F08A-4ED9-B3AD-B35D690DB70E}.Debug|Any CPU.Build.0 = Debug|Any CPU
		{A56A6F28-F08A-4ED9-B3AD-B35D690DB70E}.Release|Any CPU.ActiveCfg = Release|Any CPU
		{A56A6F28-F08A-4ED9-B3AD-B35D690DB70E}.Release|Any CPU.Build.0 = Release|Any CPU
		{53764E1A-03F0-4E91-9BFD-233C43B518EE}.Debug|Any CPU.ActiveCfg = Debug|Any CPU
		{53764E1A-03F0-4E91-9BFD-233C43B518EE}.Debug|Any CPU.Build.0 = Debug|Any CPU
		{53764E1A-03F0-4E91-9BFD-233C43B518EE}.Release|Any CPU.ActiveCfg = Release|Any CPU
		{53764E1A-03F0-4E91-9BFD-233C43B518EE}.Release|Any CPU.Build.0 = Release|Any CPU
		{B3B0F48F-3CDF-4F98-AEBF-305B3498D6B2}.Debug|Any CPU.ActiveCfg = Debug|Any CPU
		{B3B0F48F-3CDF-4F98-AEBF-305B3498D6B2}.Debug|Any CPU.Build.0 = Debug|Any CPU
		{B3B0F48F-3CDF-4F98-AEBF-305B3498D6B2}.Release|Any CPU.ActiveCfg = Release|Any CPU
		{B3B0F48F-3CDF-4F98-AEBF-305B3498D6B2}.Release|Any CPU.Build.0 = Release|Any CPU
		{A3F5BE78-B6FD-412D-B2EA-3344EE887317}.Debug|Any CPU.ActiveCfg = Debug|Any CPU
		{A3F5BE78-B6FD-412D-B2EA-3344EE887317}.Debug|Any CPU.Build.0 = Debug|Any CPU
		{A3F5BE78-B6FD-412D-B2EA-3344EE887317}.Release|Any CPU.ActiveCfg = Release|Any CPU
		{A3F5BE78-B6FD-412D-B2EA-3344EE887317}.Release|Any CPU.Build.0 = Release|Any CPU
		{20CB6C88-2802-47DA-94E0-AB0A556B2426}.Debug|Any CPU.ActiveCfg = Debug|Any CPU
		{20CB6C88-2802-47DA-94E0-AB0A556B2426}.Debug|Any CPU.Build.0 = Debug|Any CPU
		{20CB6C88-2802-47DA-94E0-AB0A556B2426}.Release|Any CPU.ActiveCfg = Release|Any CPU
		{20CB6C88-2802-47DA-94E0-AB0A556B2426}.Release|Any CPU.Build.0 = Release|Any CPU
		{184F2162-DEAB-46A9-8865-7914FAFB669F}.Debug|Any CPU.ActiveCfg = Debug|Any CPU
		{184F2162-DEAB-46A9-8865-7914FAFB669F}.Debug|Any CPU.Build.0 = Debug|Any CPU
		{184F2162-DEAB-46A9-8865-7914FAFB669F}.Release|Any CPU.ActiveCfg = Release|Any CPU
		{184F2162-DEAB-46A9-8865-7914FAFB669F}.Release|Any CPU.Build.0 = Release|Any CPU
		{50248260-DA34-47A1-8AF3-922D2981C010}.Debug|Any CPU.ActiveCfg = Debug|Any CPU
		{50248260-DA34-47A1-8AF3-922D2981C010}.Debug|Any CPU.Build.0 = Debug|Any CPU
		{50248260-DA34-47A1-8AF3-922D2981C010}.Release|Any CPU.ActiveCfg = Release|Any CPU
		{50248260-DA34-47A1-8AF3-922D2981C010}.Release|Any CPU.Build.0 = Release|Any CPU
		{01CB680D-8778-4C7C-AED2-AC9A4905A32B}.Debug|Any CPU.ActiveCfg = Debug|Any CPU
		{01CB680D-8778-4C7C-AED2-AC9A4905A32B}.Debug|Any CPU.Build.0 = Debug|Any CPU
		{01CB680D-8778-4C7C-AED2-AC9A4905A32B}.Release|Any CPU.ActiveCfg = Release|Any CPU
		{01CB680D-8778-4C7C-AED2-AC9A4905A32B}.Release|Any CPU.Build.0 = Release|Any CPU
	EndGlobalSection
	GlobalSection(SolutionProperties) = preSolution
		HideSolutionNode = FALSE
	EndGlobalSection
	GlobalSection(ExtensibilityGlobals) = postSolution
		SolutionGuid = {04B58406-38F9-468F-8D53-71230793E685}
	EndGlobalSection
EndGlobal
